<?xml version="1.0" encoding="utf-8"?>
<Project ToolsVersion="12.0" xmlns="http://schemas.microsoft.com/developer/msbuild/2003">
  <ItemGroup>
    <Text Include="$(MSBuildThisFileDirectory)readme.txt" />
    <Text Include="$(MSBuildThisFileDirectory)library.properties" />
    <Text Include="$(MSBuildThisFileDirectory)iota\boards.txt" />
    <Text Include="$(MSBuildThisFileDirectory)iota\platform.txt" />
    <Text Include="$(MSBuildThisFileDirectory)iota\programmers.txt" />
    <Text Include="$(MSBuildThisFileDirectory)PTDashPackagingNotes.txt" />
  </ItemGroup>
  <ItemGroup>
    <ClCompile Include="$(MSBuildThisFileDirectory)iota\cores\arduino\avr\dtostrf.c" />
    <ClCompile Include="$(MSBuildThisFileDirectory)iota\cores\arduino\hal\fsl_adc16_hal.c" />
    <ClCompile Include="$(MSBuildThisFileDirectory)iota\cores\arduino\hal\fsl_ftm_hal.c" />
    <ClCompile Include="$(MSBuildThisFileDirectory)iota\cores\arduino\hal\fsl_i2c_hal.c" />
    <ClCompile Include="$(MSBuildThisFileDirectory)iota\cores\arduino\hal\fsl_pit_hal.c" />
    <ClCompile Include="$(MSBuildThisFileDirectory)iota\cores\arduino\hal\fsl_rtc_hal.c" />
    <ClCompile Include="$(MSBuildThisFileDirectory)iota\cores\arduino\hal\fsl_sim_hal_MK22F51212.c" />
    <ClCompile Include="$(MSBuildThisFileDirectory)iota\cores\arduino\hal\fsl_uart_hal.c" />
    <ClCompile Include="$(MSBuildThisFileDirectory)iota\cores\arduino\hal\startup.c" />
    <ClCompile Include="$(MSBuildThisFileDirectory)iota\cores\arduino\system\hal\ArduinoModem.cpp" />
    <ClCompile Include="$(MSBuildThisFileDirectory)iota\cores\arduino\system\sdk\network\modem\Modem.cpp" />
    <ClCompile Include="$(MSBuildThisFileDirectory)iota\cores\arduino\usb\adapter_sdk.c" />
    <ClCompile Include="$(MSBuildThisFileDirectory)iota\cores\arduino\usb\device_khci_interface.c" />
    <ClCompile Include="$(MSBuildThisFileDirectory)iota\cores\arduino\usb\fsl_interrupt_manager.c" />
    <ClCompile Include="$(MSBuildThisFileDirectory)iota\cores\arduino\usb\fsl_os_abstraction_bm.c" />
    <ClCompile Include="$(MSBuildThisFileDirectory)iota\cores\arduino\usb\khci_dev.c" />
    <ClCompile Include="$(MSBuildThisFileDirectory)iota\cores\arduino\usb\SerialCDC.cpp" />
    <ClCompile Include="$(MSBuildThisFileDirectory)iota\cores\arduino\usb\usb_cdc.c" />
    <ClCompile Include="$(MSBuildThisFileDirectory)iota\cores\arduino\usb\usb_cdc_pstn.c" />
    <ClCompile Include="$(MSBuildThisFileDirectory)iota\cores\arduino\usb\usb_class.c" />
    <ClCompile Include="$(MSBuildThisFileDirectory)iota\cores\arduino\usb\usb_descriptor.c" />
    <ClCompile Include="$(MSBuildThisFileDirectory)iota\cores\arduino\usb\usb_dev.c" />
    <ClCompile Include="$(MSBuildThisFileDirectory)iota\cores\arduino\usb\usb_dev_bsp.c" />
    <ClCompile Include="$(MSBuildThisFileDirectory)iota\cores\arduino\usb\usb_framework.c" />
    <ClCompile Include="$(MSBuildThisFileDirectory)iota\cores\arduino\Charger.cpp" />
    <ClCompile Include="$(MSBuildThisFileDirectory)iota\cores\arduino\Clock.cpp" />
    <ClCompile Include="$(MSBuildThisFileDirectory)iota\cores\arduino\CopyToRam.c" />
    <ClCompile Include="$(MSBuildThisFileDirectory)iota\cores\arduino\Dash.cpp" />
    <ClCompile Include="$(MSBuildThisFileDirectory)iota\cores\arduino\delay.c" />
    <ClCompile Include="$(MSBuildThisFileDirectory)iota\cores\arduino\Flash.cpp" />
    <ClCompile Include="$(MSBuildThisFileDirectory)iota\cores\arduino\FlashCommandSequence.c" />
    <ClCompile Include="$(MSBuildThisFileDirectory)iota\cores\arduino\FlashEraseSector.c" />
    <ClCompile Include="$(MSBuildThisFileDirectory)iota\cores\arduino\FlashProgram.c" />
    <ClCompile Include="$(MSBuildThisFileDirectory)iota\cores\arduino\Hologram.cpp" />
    <ClCompile Include="$(MSBuildThisFileDirectory)iota\cores\arduino\hooks.c" />
    <ClCompile Include="$(MSBuildThisFileDirectory)iota\cores\arduino\itoa.c" />
    <ClCompile Include="$(MSBuildThisFileDirectory)iota\cores\arduino\main.cpp" />
    <ClCompile Include="$(MSBuildThisFileDirectory)iota\cores\arduino\Max1704x.cpp" />
    <ClCompile Include="$(MSBuildThisFileDirectory)iota\cores\arduino\MCUFlash.cpp" />
    <ClCompile Include="$(MSBuildThisFileDirectory)iota\cores\arduino\new.cpp" />
    <ClCompile Include="$(MSBuildThisFileDirectory)iota\cores\arduino\Print.cpp" />
    <ClCompile Include="$(MSBuildThisFileDirectory)iota\cores\arduino\RingBuffer.cpp" />
    <ClCompile Include="$(MSBuildThisFileDirectory)iota\cores\arduino\SerialCloud.cpp" />
    <ClCompile Include="$(MSBuildThisFileDirectory)iota\cores\arduino\Stream.cpp" />
    <ClCompile Include="$(MSBuildThisFileDirectory)iota\cores\arduino\system_MK22F51212.c" />
    <ClCompile Include="$(MSBuildThisFileDirectory)iota\cores\arduino\Tone.cpp" />
    <ClCompile Include="$(MSBuildThisFileDirectory)iota\cores\arduino\Uart.cpp" />
    <ClCompile Include="$(MSBuildThisFileDirectory)iota\cores\arduino\WInterrupts.c" />
    <ClCompile Include="$(MSBuildThisFileDirectory)iota\cores\arduino\Wire.cpp" />
    <ClCompile Include="$(MSBuildThisFileDirectory)iota\cores\arduino\wiring.c" />
    <ClCompile Include="$(MSBuildThisFileDirectory)iota\cores\arduino\wiring_analog.c" />
    <ClCompile Include="$(MSBuildThisFileDirectory)iota\cores\arduino\wiring_digital.c" />
    <ClCompile Include="$(MSBuildThisFileDirectory)iota\cores\arduino\wiring_shift.c" />
    <ClCompile Include="$(MSBuildThisFileDirectory)iota\cores\arduino\WMath.cpp" />
    <ClCompile Include="$(MSBuildThisFileDirectory)iota\cores\arduino\WString.cpp" />
    <ClCompile Include="$(MSBuildThisFileDirectory)iota\cores\arduino\WVariant.cpp" />
    <ClCompile Include="$(MSBuildThisFileDirectory)iota\libraries\DashReadEvalPrint\src\DashReadEvalPrint.cpp" />
    <ClCompile Include="$(MSBuildThisFileDirectory)iota\libraries\ReadEvalPrint\examples\repl_provider\CustomProvider.cpp" />
    <ClCompile Include="$(MSBuildThisFileDirectory)iota\libraries\ReadEvalPrint\src\ReadEvalPrint.cpp" />
    <ClCompile Include="$(MSBuildThisFileDirectory)iota\libraries\SPI\src\hal\fsl_dspi_hal.c" />
    <ClCompile Include="$(MSBuildThisFileDirectory)iota\libraries\SPI\src\SPI.cpp" />
    <ClCompile Include="$(MSBuildThisFileDirectory)iota\variants\iota\variant.cpp" />
  </ItemGroup>
  <ItemGroup>
    <ClInclude Include="$(MSBuildThisFileDirectory)iota\cores\arduino\avr\dtostrf.h" />
    <ClInclude Include="$(MSBuildThisFileDirectory)iota\cores\arduino\avr\pgmspace.h" />
    <ClInclude Include="$(MSBuildThisFileDirectory)iota\cores\arduino\hal\fsl_adc16_hal.h" />
    <ClInclude Include="$(MSBuildThisFileDirectory)iota\cores\arduino\hal\fsl_device_registers.h" />
    <ClInclude Include="$(MSBuildThisFileDirectory)iota\cores\arduino\hal\fsl_ftm_hal.h" />
    <ClInclude Include="$(MSBuildThisFileDirectory)iota\cores\arduino\hal\fsl_i2c_hal.h" />
    <ClInclude Include="$(MSBuildThisFileDirectory)iota\cores\arduino\hal\fsl_pit_hal.h" />
    <ClInclude Include="$(MSBuildThisFileDirectory)iota\cores\arduino\hal\fsl_rtc_hal.h" />
    <ClInclude Include="$(MSBuildThisFileDirectory)iota\cores\arduino\hal\fsl_sim_hal.h" />
    <ClInclude Include="$(MSBuildThisFileDirectory)iota\cores\arduino\hal\fsl_sim_hal_MK22F51212.h" />
    <ClInclude Include="$(MSBuildThisFileDirectory)iota\cores\arduino\hal\fsl_uart_hal.h" />
    <ClInclude Include="$(MSBuildThisFileDirectory)iota\cores\arduino\hal\startup.h" />
    <ClInclude Include="$(MSBuildThisFileDirectory)iota\cores\arduino\MK22F51212\include\fsl_bitaccess.h" />
    <ClInclude Include="$(MSBuildThisFileDirectory)iota\cores\arduino\MK22F51212\include\MK22F51212.h" />
    <ClInclude Include="$(MSBuildThisFileDirectory)iota\cores\arduino\MK22F51212\include\MK22F51212_extension.h" />
    <ClInclude Include="$(MSBuildThisFileDirectory)iota\cores\arduino\MK22F51212\include\MK22F51212_features.h" />
    <ClInclude Include="$(MSBuildThisFileDirectory)iota\cores\arduino\system\hal\ArduinoModem.h" />
    <ClInclude Include="$(MSBuildThisFileDirectory)iota\cores\arduino\system\sdk\network\modem\Modem.h" />
    <ClInclude Include="$(MSBuildThisFileDirectory)iota\cores\arduino\usb\adapter.h" />
    <ClInclude Include="$(MSBuildThisFileDirectory)iota\cores\arduino\usb\adapter_cfg.h" />
    <ClInclude Include="$(MSBuildThisFileDirectory)iota\cores\arduino\usb\adapter_sdk.h" />
    <ClInclude Include="$(MSBuildThisFileDirectory)iota\cores\arduino\usb\adapter_types.h" />
    <ClInclude Include="$(MSBuildThisFileDirectory)iota\cores\arduino\usb\compiler.h" />
    <ClInclude Include="$(MSBuildThisFileDirectory)iota\cores\arduino\usb\fsl_interrupt_manager.h" />
    <ClInclude Include="$(MSBuildThisFileDirectory)iota\cores\arduino\usb\fsl_os_abstraction.h" />
    <ClInclude Include="$(MSBuildThisFileDirectory)iota\cores\arduino\usb\fsl_os_abstraction_bm.h" />
    <ClInclude Include="$(MSBuildThisFileDirectory)iota\cores\arduino\usb\fsl_usb_features.h" />
    <ClInclude Include="$(MSBuildThisFileDirectory)iota\cores\arduino\usb\fsl_usb_khci_hal.h" />
    <ClInclude Include="$(MSBuildThisFileDirectory)iota\cores\arduino\usb\khci_dev.h" />
    <ClInclude Include="$(MSBuildThisFileDirectory)iota\cores\arduino\usb\khci_dev_misc.h" />
    <ClInclude Include="$(MSBuildThisFileDirectory)iota\cores\arduino\usb\SerialCDC.h" />
    <ClInclude Include="$(MSBuildThisFileDirectory)iota\cores\arduino\usb\types.h" />
    <ClInclude Include="$(MSBuildThisFileDirectory)iota\cores\arduino\usb\usb.h" />
    <ClInclude Include="$(MSBuildThisFileDirectory)iota\cores\arduino\usb\usb_cdc.h" />
    <ClInclude Include="$(MSBuildThisFileDirectory)iota\cores\arduino\usb\usb_cdc_config.h" />
    <ClInclude Include="$(MSBuildThisFileDirectory)iota\cores\arduino\usb\usb_cdc_pstn.h" />
    <ClInclude Include="$(MSBuildThisFileDirectory)iota\cores\arduino\usb\usb_class.h" />
    <ClInclude Include="$(MSBuildThisFileDirectory)iota\cores\arduino\usb\usb_class_cdc.h" />
    <ClInclude Include="$(MSBuildThisFileDirectory)iota\cores\arduino\usb\usb_class_internal.h" />
    <ClInclude Include="$(MSBuildThisFileDirectory)iota\cores\arduino\usb\usb_desc.h" />
    <ClInclude Include="$(MSBuildThisFileDirectory)iota\cores\arduino\usb\usb_descriptor.h" />
    <ClInclude Include="$(MSBuildThisFileDirectory)iota\cores\arduino\usb\usb_dev.h" />
    <ClInclude Include="$(MSBuildThisFileDirectory)iota\cores\arduino\usb\usb_device_config.h" />
    <ClInclude Include="$(MSBuildThisFileDirectory)iota\cores\arduino\usb\usb_device_stack_interface.h" />
    <ClInclude Include="$(MSBuildThisFileDirectory)iota\cores\arduino\usb\usb_ehci.h" />
    <ClInclude Include="$(MSBuildThisFileDirectory)iota\cores\arduino\usb\usb_error.h" />
    <ClInclude Include="$(MSBuildThisFileDirectory)iota\cores\arduino\usb\usb_framework.h" />
    <ClInclude Include="$(MSBuildThisFileDirectory)iota\cores\arduino\usb\usb_misc.h" />
    <ClInclude Include="$(MSBuildThisFileDirectory)iota\cores\arduino\usb\usb_opt.h" />
    <ClInclude Include="$(MSBuildThisFileDirectory)iota\cores\arduino\usb\usb_pin_detect.h" />
    <ClInclude Include="$(MSBuildThisFileDirectory)iota\cores\arduino\usb\usb_types.h" />
    <ClInclude Include="$(MSBuildThisFileDirectory)iota\cores\arduino\Arduino.h" />
    <ClInclude Include="$(MSBuildThisFileDirectory)iota\cores\arduino\arm_common_tables.h" />
    <ClInclude Include="$(MSBuildThisFileDirectory)iota\cores\arduino\arm_const_structs.h" />
    <ClInclude Include="$(MSBuildThisFileDirectory)iota\cores\arduino\arm_math.h" />
    <ClInclude Include="$(MSBuildThisFileDirectory)iota\cores\arduino\binary.h" />
    <ClInclude Include="$(MSBuildThisFileDirectory)iota\cores\arduino\Charger.h" />
    <ClInclude Include="$(MSBuildThisFileDirectory)iota\cores\arduino\Clock.h" />
    <ClInclude Include="$(MSBuildThisFileDirectory)iota\cores\arduino\core_cm4.h" />
    <ClInclude Include="$(MSBuildThisFileDirectory)iota\cores\arduino\core_cmFunc.h" />
    <ClInclude Include="$(MSBuildThisFileDirectory)iota\cores\arduino\core_cmInstr.h" />
    <ClInclude Include="$(MSBuildThisFileDirectory)iota\cores\arduino\core_cmSimd.h" />
    <ClInclude Include="$(MSBuildThisFileDirectory)iota\cores\arduino\Dash.h" />
    <ClInclude Include="$(MSBuildThisFileDirectory)iota\cores\arduino\delay.h" />
    <ClInclude Include="$(MSBuildThisFileDirectory)iota\cores\arduino\Flash.h" />
    <ClInclude Include="$(MSBuildThisFileDirectory)iota\cores\arduino\FTFx_KX_flash_config.h" />
    <ClInclude Include="$(MSBuildThisFileDirectory)iota\cores\arduino\HardwareSerial.h" />
    <ClInclude Include="$(MSBuildThisFileDirectory)iota\cores\arduino\Hologram.h" />
    <ClInclude Include="$(MSBuildThisFileDirectory)iota\cores\arduino\itoa.h" />
    <ClInclude Include="$(MSBuildThisFileDirectory)iota\cores\arduino\Max1704x.h" />
    <ClInclude Include="$(MSBuildThisFileDirectory)iota\cores\arduino\MCUFlash.h" />
    <ClInclude Include="$(MSBuildThisFileDirectory)iota\cores\arduino\Print.h" />
    <ClInclude Include="$(MSBuildThisFileDirectory)iota\cores\arduino\Printable.h" />
    <ClInclude Include="$(MSBuildThisFileDirectory)iota\cores\arduino\RingBuffer.h" />
    <ClInclude Include="$(MSBuildThisFileDirectory)iota\cores\arduino\SerialCloud.h" />
    <ClInclude Include="$(MSBuildThisFileDirectory)iota\cores\arduino\SSD_FTFx.h" />
    <ClInclude Include="$(MSBuildThisFileDirectory)iota\cores\arduino\SSD_FTFx_Common.h" />
    <ClInclude Include="$(MSBuildThisFileDirectory)iota\cores\arduino\SSD_FTFx_Internal.h" />
    <ClInclude Include="$(MSBuildThisFileDirectory)iota\cores\arduino\SSD_Types.h" />
    <ClInclude Include="$(MSBuildThisFileDirectory)iota\cores\arduino\Stream.h" />
    <ClInclude Include="$(MSBuildThisFileDirectory)iota\cores\arduino\system_MK22F51212.h" />
    <ClInclude Include="$(MSBuildThisFileDirectory)iota\cores\arduino\Tone.h" />
    <ClInclude Include="$(MSBuildThisFileDirectory)iota\cores\arduino\Uart.h" />
    <ClInclude Include="$(MSBuildThisFileDirectory)iota\cores\arduino\WCharacter.h" />
    <ClInclude Include="$(MSBuildThisFileDirectory)iota\cores\arduino\WInterrupts.h" />
    <ClInclude Include="$(MSBuildThisFileDirectory)iota\cores\arduino\Wire.h" />
    <ClInclude Include="$(MSBuildThisFileDirectory)iota\cores\arduino\wiring.h" />
    <ClInclude Include="$(MSBuildThisFileDirectory)iota\cores\arduino\wiring_analog.h" />
    <ClInclude Include="$(MSBuildThisFileDirectory)iota\cores\arduino\wiring_constants.h" />
    <ClInclude Include="$(MSBuildThisFileDirectory)iota\cores\arduino\wiring_digital.h" />
    <ClInclude Include="$(MSBuildThisFileDirectory)iota\cores\arduino\wiring_shift.h" />
    <ClInclude Include="$(MSBuildThisFileDirectory)iota\cores\arduino\WMath.h" />
    <ClInclude Include="$(MSBuildThisFileDirectory)iota\cores\arduino\WString.h" />
    <ClInclude Include="$(MSBuildThisFileDirectory)iota\cores\arduino\WVariant.h" />
    <ClInclude Include="$(MSBuildThisFileDirectory)iota\libraries\DashExamples\src\DashExamples.h" />
    <ClInclude Include="$(MSBuildThisFileDirectory)iota\libraries\DashReadEvalPrint\src\DashReadEvalPrint.h" />
    <ClInclude Include="$(MSBuildThisFileDirectory)iota\libraries\ReadEvalPrint\examples\repl_provider\CustomProvider.h" />
    <ClInclude Include="$(MSBuildThisFileDirectory)iota\libraries\ReadEvalPrint\src\ReadEvalPrint.h" />
    <ClInclude Include="$(MSBuildThisFileDirectory)iota\libraries\SPI\src\hal\fsl_dspi_hal.h" />
    <ClInclude Include="$(MSBuildThisFileDirectory)iota\libraries\SPI\src\SPI.h" />
    <ClInclude Include="$(MSBuildThisFileDirectory)iota\variants\iota\variant.h" />
  </ItemGroup>
  <ItemGroup>
    <None Include="$(MSBuildThisFileDirectory)iota\libraries\DashExamples\examples\hologram_dash_cloud\hologram_dash_cloud.ino" />
    <None Include="$(MSBuildThisFileDirectory)iota\libraries\DashExamples\examples\hologram_dash_helloworld\hologram_dash_helloworld.ino" />
    <None Include="$(MSBuildThisFileDirectory)iota\libraries\DashExamples\examples\hologram_dash_passthrough\hologram_dash_passthrough.ino" />
    <None Include="$(MSBuildThisFileDirectory)iota\libraries\DashReadEvalPrint\examples\dash_repl_basic\dash_repl_basic.ino" />
    <None Include="$(MSBuildThisFileDirectory)iota\libraries\ReadEvalPrint\examples\repl_basic\repl_basic.ino" />
    <None Include="$(MSBuildThisFileDirectory)iota\libraries\ReadEvalPrint\examples\repl_custom_commands\repl_custom_commands.ino" />
    <None Include="$(MSBuildThisFileDirectory)iota\libraries\ReadEvalPrint\examples\repl_provider\repl_provider.ino" />
    <None Include="$(MSBuildThisFileDirectory)iota\libraries\SPI\examples\sst26vf016b_id\sst26vf016b_id.ino" />
    <None Include="$(MSBuildThisFileDirectory)PowerShellTools\PowerShellTools.pssproj" />
    <None Include="$(MSBuildThisFileDirectory).tfignore" />
    <None Include="$(MSBuildThisFileDirectory)PowerShellTools\Create-ArduinoPackage.ps1" />
    <None Include="$(MSBuildThisFileDirectory)PowerShellTools\Format-Json.ps1" />
    <None Include="$(MSBuildThisFileDirectory)pkg\85-hologram.rules" />
    <None Include="$(MSBuildThisFileDirectory)pkg\konekt_cdc_0_7_0.inf" />
    <None Include="$(MSBuildThisFileDirectory)pkg\konekt_cdc_0_7_1.inf" />
    <None Include="$(MSBuildThisFileDirectory)pkg\LICENSE" />
    <None Include="$(MSBuildThisFileDirectory)pkg\package_poemtechnology_index.json" />
    <None Include="$(MSBuildThisFileDirectory)pkg\README.md" />
    <None Include="$(MSBuildThisFileDirectory)TestUserMCU\TestUserMCU.vcxproj" />
    <None Include="$(MSBuildThisFileDirectory)README.md" />
  </ItemGroup>
</Project>